// !$*UTF8*$!
{
	archiveVersion = 1;
	classes = {
	};
	objectVersion = 77;
	objects = {

/* Begin PBXBuildFile section */
		09004EFE322E5BE349D542BA /* LocalMediaStore.swift in Sources */ = {isa = PBXBuildFile; fileRef = A05A9A9343E377F071036F4B /* LocalMediaStore.swift */; };
		0E711CDC5005E075F76E4EC0 /* studio-fixture.mp4 in Resources */ = {isa = PBXBuildFile; fileRef = 8854875B5A3439C88A499387 /* studio-fixture.mp4 */; };
		10473B2F0FDF018141B71FBF /* ReviewModels.swift in Sources */ = {isa = PBXBuildFile; fileRef = 1F54A9309A32E0A2785AF337 /* ReviewModels.swift */; };
		129D168E8904C7667BF5BDC4 /* EvidenceAnchoredFlightPathExtrapolator.swift in Sources */ = {isa = PBXBuildFile; fileRef = 107558EAD7501CDAA0E455DE /* EvidenceAnchoredFlightPathExtrapolator.swift */; };
		146DE24502E7612DD15BB20A /* LiveCaptureAdapter.swift in Sources */ = {isa = PBXBuildFile; fileRef = 8D741B7AF1328356DFA57F62 /* LiveCaptureAdapter.swift */; };
		1CF683910E70803C437DAD99 /* RondeApp.swift in Sources */ = {isa = PBXBuildFile; fileRef = 7BABA97F1C7092AC85462134 /* RondeApp.swift */; };
		1E151E82AD3835CC7DD914C9 /* README.md in Resources */ = {isa = PBXBuildFile; fileRef = 8B1EED15832E2802FF61DA14 /* README.md */; };
		24B2C9F49A149A4FA9CA12B1 /* GolfBallTrajectoryAnalysisTests.swift in Sources */ = {isa = PBXBuildFile; fileRef = 13F0F57A83513C4DF7D7B5F1 /* GolfBallTrajectoryAnalysisTests.swift */; };
		27E0F2999F9709B0B0989666 /* ReviewSessionArchive.swift in Sources */ = {isa = PBXBuildFile; fileRef = 1C660F6A3785B56D7977826C /* ReviewSessionArchive.swift */; };
		28876B0358178838101FD3AC /* ShotVideoExportSource.swift in Sources */ = {isa = PBXBuildFile; fileRef = 88AE6409840828F8800109FB /* ShotVideoExportSource.swift */; };
		288B63617B43508CC8DFA78C /* LiveReviewStabilityMonitor.swift in Sources */ = {isa = PBXBuildFile; fileRef = FAF69FBF1F6FA4E8B82F987B /* LiveReviewStabilityMonitor.swift */; };
		4702DB68E080F3316150066D /* VideoMetadataProbe.swift in Sources */ = {isa = PBXBuildFile; fileRef = E1CEFDCD1CDD3C0CF8ADCA04 /* VideoMetadataProbe.swift */; };
		4984A1D431808C752FFD63DF /* RondeRedesignTests.swift in Sources */ = {isa = PBXBuildFile; fileRef = 76FFB9E40F8CB9A6FBB9220F /* RondeRedesignTests.swift */; };
		4A21AEC6F3A12B094DA5C8DB /* ShotVideoEdit.swift in Sources */ = {isa = PBXBuildFile; fileRef = 84EFB7858DFE54A83DA99CF9 /* ShotVideoEdit.swift */; };
		4D47487CAC9EE4352CF62E92 /* ShotVideoExporterIntegrationTests.swift in Sources */ = {isa = PBXBuildFile; fileRef = 81619A391742FA0EB638BEF4 /* ShotVideoExporterIntegrationTests.swift */; };
		505831E0180CCAF329D47D7D /* WASBGolfBallTrackingService.swift in Sources */ = {isa = PBXBuildFile; fileRef = 9FD9CB2A5152001250E97091 /* WASBGolfBallTrackingService.swift */; };
		62984751E1F675A3473F4F32 /* AssistedTracerEditor.swift in Sources */ = {isa = PBXBuildFile; fileRef = 2FDB5AFDE4D9F8A0B24F51F0 /* AssistedTracerEditor.swift */; };
		65BB7333083958BA6566FD77 /* ProvisionalSwingCandidateService.swift in Sources */ = {isa = PBXBuildFile; fileRef = A5101A5E458C1DA558F9FFF1 /* ProvisionalSwingCandidateService.swift */; };
		6D03F7A81EC53723412217A0 /* EvidenceAnchoredFlightPathTests.swift in Sources */ = {isa = PBXBuildFile; fileRef = 09AE35708CB443163A290263 /* EvidenceAnchoredFlightPathTests.swift */; };
		72E7201A77366E94C80EB08A /* GolfBallTrackSelectorTests.swift in Sources */ = {isa = PBXBuildFile; fileRef = 77D255E8BB9305A6CA1420B6 /* GolfBallTrackSelectorTests.swift */; };
		7DF8C43C97D87106FF501B6C /* VideoFileTransferable.swift in Sources */ = {isa = PBXBuildFile; fileRef = 4F8E90797C7F11367BBE0C6D /* VideoFileTransferable.swift */; };
		7DFBDBC6FD38A20165006543 /* ReviewClipService.swift in Sources */ = {isa = PBXBuildFile; fileRef = F54CE09121B68FC06184F17B /* ReviewClipService.swift */; };
		82DEFCE31266A6CB5F1D9EE0 /* GolfBallTracker.mlpackage in Sources */ = {isa = PBXBuildFile; fileRef = A9D8C25EE04CCB64E5BDC81A /* GolfBallTracker.mlpackage */; };
		8507BE34DFFE2494888DB33E /* TracedVideoExporter.swift in Sources */ = {isa = PBXBuildFile; fileRef = 84601EA61D05723C5B1DC8F3 /* TracedVideoExporter.swift */; };
		8C921CAA14673DD9BF3D3049 /* ExactClipExporter.swift in Sources */ = {isa = PBXBuildFile; fileRef = 5C3160A301B48E8A9CF856B0 /* ExactClipExporter.swift */; };
		8EDD92D2317E6A96D3AD7533 /* RondeAppShell.swift in Sources */ = {isa = PBXBuildFile; fileRef = 3BF91880FE819486AEB75796 /* RondeAppShell.swift */; };
		8F5CCCEF5F10C75E631ECDC0 /* FullScreenTracerEditor.swift in Sources */ = {isa = PBXBuildFile; fileRef = ABB5A8AB9AE066FF80ED1B47 /* FullScreenTracerEditor.swift */; };
		92027BBAAA0E374705AA2DC8 /* studio-fixture.mp4 in Resources */ = {isa = PBXBuildFile; fileRef = 8854875B5A3439C88A499387 /* studio-fixture.mp4 */; };
		9AA16370FFE21227068AAFFD /* ReviewLibrarySafetyTests.swift in Sources */ = {isa = PBXBuildFile; fileRef = 2F963CBDCE4144878F11FCA6 /* ReviewLibrarySafetyTests.swift */; };
		9E0ACE3A968C775E1BE64E32 /* LocalMediaStoreTests.swift in Sources */ = {isa = PBXBuildFile; fileRef = 57A57F561392E5134F489906 /* LocalMediaStoreTests.swift */; };
		A0577B9CD3F8DCFF54D636A2 /* AudioImpactPeakSelectorTests.swift in Sources */ = {isa = PBXBuildFile; fileRef = 5F0ECE5D3F3280BC623265E4 /* AudioImpactPeakSelectorTests.swift */; };
		A0CF25A4E3D31D7F4BD62A3E /* TrajectoryAnalysisService.swift in Sources */ = {isa = PBXBuildFile; fileRef = DAD381B11516C06704E99B29 /* TrajectoryAnalysisService.swift */; };
		B0B9E38993C64FA698BFD5FD /* ShotVideoExporter.swift in Sources */ = {isa = PBXBuildFile; fileRef = E02BFC7C5CC15833D7650B92 /* ShotVideoExporter.swift */; };
		B18AEE65855A5D70ADD1C530 /* LiveReviewCaptureController.swift in Sources */ = {isa = PBXBuildFile; fileRef = 370DEAC4A634A339B883914A /* LiveReviewCaptureController.swift */; };
		BA8B8F95EC936A691FFF2224 /* WASB-SBDT-LICENSE.txt in Resources */ = {isa = PBXBuildFile; fileRef = D8BB00D40C6812E77B11B671 /* WASB-SBDT-LICENSE.txt */; };
		BB24DC84BA905D64A1825C59 /* ShotReviewModels.swift in Sources */ = {isa = PBXBuildFile; fileRef = 6BA2E9D310791562F643695E /* ShotReviewModels.swift */; };
		BBA5AF22398AE2000970C731 /* LiveReviewModels.swift in Sources */ = {isa = PBXBuildFile; fileRef = B628C334237165847DCB3872 /* LiveReviewModels.swift */; };
		C1ED29FDA24781E78A160091 /* Supabase in Frameworks */ = {isa = PBXBuildFile; productRef = 559D0E5059FECF5E6F6EA65C /* Supabase */; };
		C30522F5314EE7A567A31936 /* AppleSignInNonce.swift in Sources */ = {isa = PBXBuildFile; fileRef = B13981078ACD881109808F68 /* AppleSignInNonce.swift */; };
		C777CD29A4CD2583B334D61C /* ReviewViews.swift in Sources */ = {isa = PBXBuildFile; fileRef = 55562334A5512A11E95F2091 /* ReviewViews.swift */; };
		D17D5C582C234F7736867AC7 /* ShotReviewDomainTests.swift in Sources */ = {isa = PBXBuildFile; fileRef = 51257492B5D94AECBFAE36E0 /* ShotReviewDomainTests.swift */; };
		D23AA5D1A1182F03B5455057 /* ShotStudioView.swift in Sources */ = {isa = PBXBuildFile; fileRef = 45CBACF2DDB32D25C3491B38 /* ShotStudioView.swift */; };
		D253EAB635EEF4827A675B0F /* GolfBallTrackSelector.swift in Sources */ = {isa = PBXBuildFile; fileRef = B058B2FA96AEC83EC88AF26F /* GolfBallTrackSelector.swift */; };
		D8E10FBA9F5273807AE5B5FF /* ImpactCandidateAnalysisService.swift in Sources */ = {isa = PBXBuildFile; fileRef = E21EEA2D449A612CFDDBC694 /* ImpactCandidateAnalysisService.swift */; };
		DC3DEBF25BC6C301853C029D /* RondeCloud.swift in Sources */ = {isa = PBXBuildFile; fileRef = D28BFF5985919921DA66C2C1 /* RondeCloud.swift */; };
		DDFDE0FA9A0E7995EAB89EE3 /* WASB-SBDT-NOTICE.txt in Resources */ = {isa = PBXBuildFile; fileRef = 9A8E23A4123E6D76431D4521 /* WASB-SBDT-NOTICE.txt */; };
		DE76F16235B57DBAF5327F46 /* ShotStudioUITests.swift in Sources */ = {isa = PBXBuildFile; fileRef = FB8C912AD5BEAD397A6B5BC0 /* ShotStudioUITests.swift */; };
		E21C377208791E8D6244A791 /* AudioImpactAnalysisService.swift in Sources */ = {isa = PBXBuildFile; fileRef = 1418F98C8707C5C535FF8135 /* AudioImpactAnalysisService.swift */; };
		E251DBA39DA547BCBFA788ED /* BodyMotionAnalysisService.swift in Sources */ = {isa = PBXBuildFile; fileRef = 46D17BA512F515A4D94EACFC /* BodyMotionAnalysisService.swift */; };
		E53B84753F8BB985189EC63C /* ShotVideoEditTests.swift in Sources */ = {isa = PBXBuildFile; fileRef = A498B2C946418FAB40B37039 /* ShotVideoEditTests.swift */; };
		E9A0D8617F31AC80C68B2951 /* Assets.xcassets in Resources */ = {isa = PBXBuildFile; fileRef = 11FB7A0186F2D427A996681D /* Assets.xcassets */; };
		EC63DBAEF3AF38B613D85B5A /* LiveReviewCaptureTests.swift in Sources */ = {isa = PBXBuildFile; fileRef = 0DD757FFE4F5F4E641C87165 /* LiveReviewCaptureTests.swift */; };
		F0DBF29AE89129B8DDF446C2 /* GolfBallTrajectoryAnalysisService.swift in Sources */ = {isa = PBXBuildFile; fileRef = CD79C5309D88A036FBE2A9BD /* GolfBallTrajectoryAnalysisService.swift */; };
		F2C805B7917CF0C0C1204477 /* RondeReviewDesign.swift in Sources */ = {isa = PBXBuildFile; fileRef = 5728C22B178027FF9976B9C1 /* RondeReviewDesign.swift */; };
		F72E7D60AEA0A10C0633E21C /* BodyMotionPeakSelectorTests.swift in Sources */ = {isa = PBXBuildFile; fileRef = E1072C5475F5815C64473653 /* BodyMotionPeakSelectorTests.swift */; };
/* End PBXBuildFile section */

/* Begin PBXContainerItemProxy section */
		536C4D8040BA7FC6B6F50D47 /* PBXContainerItemProxy */ = {
			isa = PBXContainerItemProxy;
			containerPortal = 3ADFB5A07FC5D95634EAF8D9 /* Project object */;
			proxyType = 1;
			remoteGlobalIDString = 9ADBAF909A8CFAF1C869059C;
			remoteInfo = "Ronde iOS";
		};
		B937E222514746F4FFC046F7 /* PBXContainerItemProxy */ = {
			isa = PBXContainerItemProxy;
			containerPortal = 3ADFB5A07FC5D95634EAF8D9 /* Project object */;
			proxyType = 1;
			remoteGlobalIDString = 9ADBAF909A8CFAF1C869059C;
			remoteInfo = "Ronde iOS";
		};
/* End PBXContainerItemProxy section */

/* Begin PBXFileReference section */
		09AE35708CB443163A290263 /* EvidenceAnchoredFlightPathTests.swift */ = {isa = PBXFileReference; lastKnownFileType = sourcecode.swift; path = EvidenceAnchoredFlightPathTests.swift; sourceTree = "<group>"; };
		0DD757FFE4F5F4E641C87165 /* LiveReviewCaptureTests.swift */ = {isa = PBXFileReference; lastKnownFileType = sourcecode.swift; path = LiveReviewCaptureTests.swift; sourceTree = "<group>"; };
		107558EAD7501CDAA0E455DE /* EvidenceAnchoredFlightPathExtrapolator.swift */ = {isa = PBXFileReference; lastKnownFileType = sourcecode.swift; path = EvidenceAnchoredFlightPathExtrapolator.swift; sourceTree = "<group>"; };
		11FB7A0186F2D427A996681D /* Assets.xcassets */ = {isa = PBXFileReference; lastKnownFileType = folder.assetcatalog; path = Assets.xcassets; sourceTree = "<group>"; };
		13F0F57A83513C4DF7D7B5F1 /* GolfBallTrajectoryAnalysisTests.swift */ = {isa = PBXFileReference; lastKnownFileType = sourcecode.swift; path = GolfBallTrajectoryAnalysisTests.swift; sourceTree = "<group>"; };
		1418F98C8707C5C535FF8135 /* AudioImpactAnalysisService.swift */ = {isa = PBXFileReference; lastKnownFileType = sourcecode.swift; path = AudioImpactAnalysisService.swift; sourceTree = "<group>"; };
		1C660F6A3785B56D7977826C /* ReviewSessionArchive.swift */ = {isa = PBXFileReference; lastKnownFileType = sourcecode.swift; path = ReviewSessionArchive.swift; sourceTree = "<group>"; };
		1F54A9309A32E0A2785AF337 /* ReviewModels.swift */ = {isa = PBXFileReference; lastKnownFileType = sourcecode.swift; path = ReviewModels.swift; sourceTree = "<group>"; };
		2F963CBDCE4144878F11FCA6 /* ReviewLibrarySafetyTests.swift */ = {isa = PBXFileReference; lastKnownFileType = sourcecode.swift; path = ReviewLibrarySafetyTests.swift; sourceTree = "<group>"; };
		2FDB5AFDE4D9F8A0B24F51F0 /* AssistedTracerEditor.swift */ = {isa = PBXFileReference; lastKnownFileType = sourcecode.swift; path = AssistedTracerEditor.swift; sourceTree = "<group>"; };
		370DEAC4A634A339B883914A /* LiveReviewCaptureController.swift */ = {isa = PBXFileReference; lastKnownFileType = sourcecode.swift; path = LiveReviewCaptureController.swift; sourceTree = "<group>"; };
		3BF91880FE819486AEB75796 /* RondeAppShell.swift */ = {isa = PBXFileReference; lastKnownFileType = sourcecode.swift; path = RondeAppShell.swift; sourceTree = "<group>"; };
		3C1120E8F1C94CCDF959085E /* Ronde iOS AppUITests.xctest */ = {isa = PBXFileReference; includeInIndex = 0; lastKnownFileType = wrapper.cfbundle; path = "Ronde iOS AppUITests.xctest"; sourceTree = BUILT_PRODUCTS_DIR; };
		45CBACF2DDB32D25C3491B38 /* ShotStudioView.swift */ = {isa = PBXFileReference; lastKnownFileType = sourcecode.swift; path = ShotStudioView.swift; sourceTree = "<group>"; };
		46D17BA512F515A4D94EACFC /* BodyMotionAnalysisService.swift */ = {isa = PBXFileReference; lastKnownFileType = sourcecode.swift; path = BodyMotionAnalysisService.swift; sourceTree = "<group>"; };
		4F8E90797C7F11367BBE0C6D /* VideoFileTransferable.swift */ = {isa = PBXFileReference; lastKnownFileType = sourcecode.swift; path = VideoFileTransferable.swift; sourceTree = "<group>"; };
		51257492B5D94AECBFAE36E0 /* ShotReviewDomainTests.swift */ = {isa = PBXFileReference; lastKnownFileType = sourcecode.swift; path = ShotReviewDomainTests.swift; sourceTree = "<group>"; };
		55562334A5512A11E95F2091 /* ReviewViews.swift */ = {isa = PBXFileReference; lastKnownFileType = sourcecode.swift; path = ReviewViews.swift; sourceTree = "<group>"; };
		5728C22B178027FF9976B9C1 /* RondeReviewDesign.swift */ = {isa = PBXFileReference; lastKnownFileType = sourcecode.swift; path = RondeReviewDesign.swift; sourceTree = "<group>"; };
		57A57F561392E5134F489906 /* LocalMediaStoreTests.swift */ = {isa = PBXFileReference; lastKnownFileType = sourcecode.swift; path = LocalMediaStoreTests.swift; sourceTree = "<group>"; };
		5C3160A301B48E8A9CF856B0 /* ExactClipExporter.swift */ = {isa = PBXFileReference; lastKnownFileType = sourcecode.swift; path = ExactClipExporter.swift; sourceTree = "<group>"; };
		5F0ECE5D3F3280BC623265E4 /* AudioImpactPeakSelectorTests.swift */ = {isa = PBXFileReference; lastKnownFileType = sourcecode.swift; path = AudioImpactPeakSelectorTests.swift; sourceTree = "<group>"; };
		6BA2E9D310791562F643695E /* ShotReviewModels.swift */ = {isa = PBXFileReference; lastKnownFileType = sourcecode.swift; path = ShotReviewModels.swift; sourceTree = "<group>"; };
		76FFB9E40F8CB9A6FBB9220F /* RondeRedesignTests.swift */ = {isa = PBXFileReference; lastKnownFileType = sourcecode.swift; path = RondeRedesignTests.swift; sourceTree = "<group>"; };
		77D255E8BB9305A6CA1420B6 /* GolfBallTrackSelectorTests.swift */ = {isa = PBXFileReference; lastKnownFileType = sourcecode.swift; path = GolfBallTrackSelectorTests.swift; sourceTree = "<group>"; };
		7BABA97F1C7092AC85462134 /* RondeApp.swift */ = {isa = PBXFileReference; lastKnownFileType = sourcecode.swift; path = RondeApp.swift; sourceTree = "<group>"; };
		81619A391742FA0EB638BEF4 /* ShotVideoExporterIntegrationTests.swift */ = {isa = PBXFileReference; lastKnownFileType = sourcecode.swift; path = ShotVideoExporterIntegrationTests.swift; sourceTree = "<group>"; };
		84601EA61D05723C5B1DC8F3 /* TracedVideoExporter.swift */ = {isa = PBXFileReference; lastKnownFileType = sourcecode.swift; path = TracedVideoExporter.swift; sourceTree = "<group>"; };
		84EFB7858DFE54A83DA99CF9 /* ShotVideoEdit.swift */ = {isa = PBXFileReference; lastKnownFileType = sourcecode.swift; path = ShotVideoEdit.swift; sourceTree = "<group>"; };
		8854875B5A3439C88A499387 /* studio-fixture.mp4 */ = {isa = PBXFileReference; path = "studio-fixture.mp4"; sourceTree = "<group>"; };
		88AE6409840828F8800109FB /* ShotVideoExportSource.swift */ = {isa = PBXFileReference; lastKnownFileType = sourcecode.swift; path = ShotVideoExportSource.swift; sourceTree = "<group>"; };
		8B1EED15832E2802FF61DA14 /* README.md */ = {isa = PBXFileReference; lastKnownFileType = net.daringfireball.markdown; path = README.md; sourceTree = "<group>"; };
		8D741B7AF1328356DFA57F62 /* LiveCaptureAdapter.swift */ = {isa = PBXFileReference; lastKnownFileType = sourcecode.swift; path = LiveCaptureAdapter.swift; sourceTree = "<group>"; };
		9A8E23A4123E6D76431D4521 /* WASB-SBDT-NOTICE.txt */ = {isa = PBXFileReference; lastKnownFileType = text; path = "WASB-SBDT-NOTICE.txt"; sourceTree = "<group>"; };
		9FD9CB2A5152001250E97091 /* WASBGolfBallTrackingService.swift */ = {isa = PBXFileReference; lastKnownFileType = sourcecode.swift; path = WASBGolfBallTrackingService.swift; sourceTree = "<group>"; };
		A05A9A9343E377F071036F4B /* LocalMediaStore.swift */ = {isa = PBXFileReference; lastKnownFileType = sourcecode.swift; path = LocalMediaStore.swift; sourceTree = "<group>"; };
		A498B2C946418FAB40B37039 /* ShotVideoEditTests.swift */ = {isa = PBXFileReference; lastKnownFileType = sourcecode.swift; path = ShotVideoEditTests.swift; sourceTree = "<group>"; };
		A5101A5E458C1DA558F9FFF1 /* ProvisionalSwingCandidateService.swift */ = {isa = PBXFileReference; lastKnownFileType = sourcecode.swift; path = ProvisionalSwingCandidateService.swift; sourceTree = "<group>"; };
		A9D8C25EE04CCB64E5BDC81A /* GolfBallTracker.mlpackage */ = {isa = PBXFileReference; path = GolfBallTracker.mlpackage; sourceTree = "<group>"; };
		ABB5A8AB9AE066FF80ED1B47 /* FullScreenTracerEditor.swift */ = {isa = PBXFileReference; lastKnownFileType = sourcecode.swift; path = FullScreenTracerEditor.swift; sourceTree = "<group>"; };
		B058B2FA96AEC83EC88AF26F /* GolfBallTrackSelector.swift */ = {isa = PBXFileReference; lastKnownFileType = sourcecode.swift; path = GolfBallTrackSelector.swift; sourceTree = "<group>"; };
		B13981078ACD881109808F68 /* AppleSignInNonce.swift */ = {isa = PBXFileReference; lastKnownFileType = sourcecode.swift; path = AppleSignInNonce.swift; sourceTree = "<group>"; };
		B2605B86C53FA779EFF34F35 /* Ronde Shot Review.app */ = {isa = PBXFileReference; includeInIndex = 0; lastKnownFileType = wrapper.application; path = "Ronde Shot Review.app"; sourceTree = BUILT_PRODUCTS_DIR; };
		B628C334237165847DCB3872 /* LiveReviewModels.swift */ = {isa = PBXFileReference; lastKnownFileType = sourcecode.swift; path = LiveReviewModels.swift; sourceTree = "<group>"; };
		C0A270661807EA0DA3D5BDFD /* Ronde AppTests.xctest */ = {isa = PBXFileReference; includeInIndex = 0; lastKnownFileType = wrapper.cfbundle; path = "Ronde AppTests.xctest"; sourceTree = BUILT_PRODUCTS_DIR; };
		CD79C5309D88A036FBE2A9BD /* GolfBallTrajectoryAnalysisService.swift */ = {isa = PBXFileReference; lastKnownFileType = sourcecode.swift; path = GolfBallTrajectoryAnalysisService.swift; sourceTree = "<group>"; };
		D28BFF5985919921DA66C2C1 /* RondeCloud.swift */ = {isa = PBXFileReference; lastKnownFileType = sourcecode.swift; path = RondeCloud.swift; sourceTree = "<group>"; };
		D8BB00D40C6812E77B11B671 /* WASB-SBDT-LICENSE.txt */ = {isa = PBXFileReference; lastKnownFileType = text; path = "WASB-SBDT-LICENSE.txt"; sourceTree = "<group>"; };
		DAD381B11516C06704E99B29 /* TrajectoryAnalysisService.swift */ = {isa = PBXFileReference; lastKnownFileType = sourcecode.swift; path = TrajectoryAnalysisService.swift; sourceTree = "<group>"; };
		E02BFC7C5CC15833D7650B92 /* ShotVideoExporter.swift */ = {isa = PBXFileReference; lastKnownFileType = sourcecode.swift; path = ShotVideoExporter.swift; sourceTree = "<group>"; };
		E1072C5475F5815C64473653 /* BodyMotionPeakSelectorTests.swift */ = {isa = PBXFileReference; lastKnownFileType = sourcecode.swift; path = BodyMotionPeakSelectorTests.swift; sourceTree = "<group>"; };
		E1CEFDCD1CDD3C0CF8ADCA04 /* VideoMetadataProbe.swift */ = {isa = PBXFileReference; lastKnownFileType = sourcecode.swift; path = VideoMetadataProbe.swift; sourceTree = "<group>"; };
		E21EEA2D449A612CFDDBC694 /* ImpactCandidateAnalysisService.swift */ = {isa = PBXFileReference; lastKnownFileType = sourcecode.swift; path = ImpactCandidateAnalysisService.swift; sourceTree = "<group>"; };
		F54CE09121B68FC06184F17B /* ReviewClipService.swift */ = {isa = PBXFileReference; lastKnownFileType = sourcecode.swift; path = ReviewClipService.swift; sourceTree = "<group>"; };
		F786F02475ED4C46E0BDF22C /* Ronde.entitlements */ = {isa = PBXFileReference; lastKnownFileType = text.plist.entitlements; path = Ronde.entitlements; sourceTree = "<group>"; };
		FAF69FBF1F6FA4E8B82F987B /* LiveReviewStabilityMonitor.swift */ = {isa = PBXFileReference; lastKnownFileType = sourcecode.swift; path = LiveReviewStabilityMonitor.swift; sourceTree = "<group>"; };
		FB8C912AD5BEAD397A6B5BC0 /* ShotStudioUITests.swift */ = {isa = PBXFileReference; lastKnownFileType = sourcecode.swift; path = ShotStudioUITests.swift; sourceTree = "<group>"; };
/* End PBXFileReference section */

/* Begin PBXFrameworksBuildPhase section */
		6C123AD6943DE7025B01C910 /* Frameworks */ = {
			isa = PBXFrameworksBuildPhase;
			buildActionMask = 2147483647;
			files = (
				C1ED29FDA24781E78A160091 /* Supabase in Frameworks */,
			);
			runOnlyForDeploymentPostprocessing = 0;
		};
/* End PBXFrameworksBuildPhase section */

/* Begin PBXGroup section */
		2A7BD981333BD9022D909FFC /* Ronde iOS AppUITests */ = {
			isa = PBXGroup;
			children = (
				FB8C912AD5BEAD397A6B5BC0 /* ShotStudioUITests.swift */,
				4C758E92CE70EC9321E9A561 /* Resources */,
			);
			path = "Ronde iOS AppUITests";
			sourceTree = "<group>";
		};
		36A76A54612B0ABC872D16D9 = {
			isa = PBXGroup;
			children = (
				4C758E92CE70EC9321E9A561 /* Resources */,
				6D761B2077684925A944F7C7 /* Ronde iOS App */,
				776C762F421DC9983E75FB7B /* Ronde iOS AppTests */,
				2A7BD981333BD9022D909FFC /* Ronde iOS AppUITests */,
				6A1CE76B3C907F3F51E6E483 /* Products */,
			);
			sourceTree = "<group>";
		};
		3F2B0979C9EB8226F00F92A3 /* Persistence */ = {
			isa = PBXGroup;
			children = (
				1C660F6A3785B56D7977826C /* ReviewSessionArchive.swift */,
			);
			path = Persistence;
			sourceTree = "<group>";
		};
		4C758E92CE70EC9321E9A561 /* Resources */ = {
			isa = PBXGroup;
			children = (
				8B1EED15832E2802FF61DA14 /* README.md */,
				8854875B5A3439C88A499387 /* studio-fixture.mp4 */,
			);
			name = Resources;
			path = "Ronde iOS AppUITests/Resources";
			sourceTree = "<group>";
		};
		4DC00F3910F3CB9A49408747 /* Domain */ = {
			isa = PBXGroup;
			children = (
				6BA2E9D310791562F643695E /* ShotReviewModels.swift */,
				84EFB7858DFE54A83DA99CF9 /* ShotVideoEdit.swift */,
			);
			path = Domain;
			sourceTree = "<group>";
		};
		6785D47979D536E35C25A29A /* Design */ = {
			isa = PBXGroup;
			children = (
				5728C22B178027FF9976B9C1 /* RondeReviewDesign.swift */,
			);
			path = Design;
			sourceTree = "<group>";
		};
		6A1CE76B3C907F3F51E6E483 /* Products */ = {
			isa = PBXGroup;
			children = (
				C0A270661807EA0DA3D5BDFD /* Ronde AppTests.xctest */,
				3C1120E8F1C94CCDF959085E /* Ronde iOS AppUITests.xctest */,
				B2605B86C53FA779EFF34F35 /* Ronde Shot Review.app */,
			);
			name = Products;
			sourceTree = "<group>";
		};
		6B93B312CAE736119C44482D /* Features */ = {
			isa = PBXGroup;
			children = (
				2FDB5AFDE4D9F8A0B24F51F0 /* AssistedTracerEditor.swift */,
				ABB5A8AB9AE066FF80ED1B47 /* FullScreenTracerEditor.swift */,
				8D741B7AF1328356DFA57F62 /* LiveCaptureAdapter.swift */,
				1F54A9309A32E0A2785AF337 /* ReviewModels.swift */,
				55562334A5512A11E95F2091 /* ReviewViews.swift */,
				45CBACF2DDB32D25C3491B38 /* ShotStudioView.swift */,
				4F8E90797C7F11367BBE0C6D /* VideoFileTransferable.swift */,
			);
			path = Features;
			sourceTree = "<group>";
		};
		6D761B2077684925A944F7C7 /* Ronde iOS App */ = {
			isa = PBXGroup;
			children = (
				11FB7A0186F2D427A996681D /* Assets.xcassets */,
				F786F02475ED4C46E0BDF22C /* Ronde.entitlements */,
				7BABA97F1C7092AC85462134 /* RondeApp.swift */,
				FB7DC5DA1D6255324D912001 /* Analysis */,
				B46EF12791832A26BE52CAE8 /* App */,
				94372314B9A196E6F3ECAF7F /* Auth */,
				FAEA80F851447F0CE327885E /* Capture */,
				6785D47979D536E35C25A29A /* Design */,
				4DC00F3910F3CB9A49408747 /* Domain */,
				6B93B312CAE736119C44482D /* Features */,
				7D514C9744CAC4B5B720AC38 /* Media */,
				3F2B0979C9EB8226F00F92A3 /* Persistence */,
				70910ADFA8454AFA817630D7 /* Resources */,
			);
			path = "Ronde iOS App";
			sourceTree = "<group>";
		};
		70910ADFA8454AFA817630D7 /* Resources */ = {
			isa = PBXGroup;
			children = (
				A9D8C25EE04CCB64E5BDC81A /* GolfBallTracker.mlpackage */,
				D8BB00D40C6812E77B11B671 /* WASB-SBDT-LICENSE.txt */,
				9A8E23A4123E6D76431D4521 /* WASB-SBDT-NOTICE.txt */,
			);
			path = Resources;
			sourceTree = "<group>";
		};
		776C762F421DC9983E75FB7B /* Ronde iOS AppTests */ = {
			isa = PBXGroup;
			children = (
				5F0ECE5D3F3280BC623265E4 /* AudioImpactPeakSelectorTests.swift */,
				E1072C5475F5815C64473653 /* BodyMotionPeakSelectorTests.swift */,
				09AE35708CB443163A290263 /* EvidenceAnchoredFlightPathTests.swift */,
				77D255E8BB9305A6CA1420B6 /* GolfBallTrackSelectorTests.swift */,
				13F0F57A83513C4DF7D7B5F1 /* GolfBallTrajectoryAnalysisTests.swift */,
				0DD757FFE4F5F4E641C87165 /* LiveReviewCaptureTests.swift */,
				57A57F561392E5134F489906 /* LocalMediaStoreTests.swift */,
				2F963CBDCE4144878F11FCA6 /* ReviewLibrarySafetyTests.swift */,
				76FFB9E40F8CB9A6FBB9220F /* RondeRedesignTests.swift */,
				51257492B5D94AECBFAE36E0 /* ShotReviewDomainTests.swift */,
				A498B2C946418FAB40B37039 /* ShotVideoEditTests.swift */,
				81619A391742FA0EB638BEF4 /* ShotVideoExporterIntegrationTests.swift */,
			);
			path = "Ronde iOS AppTests";
			sourceTree = "<group>";
		};
		7D514C9744CAC4B5B720AC38 /* Media */ = {
			isa = PBXGroup;
			children = (
				5C3160A301B48E8A9CF856B0 /* ExactClipExporter.swift */,
				A05A9A9343E377F071036F4B /* LocalMediaStore.swift */,
				F54CE09121B68FC06184F17B /* ReviewClipService.swift */,
				E02BFC7C5CC15833D7650B92 /* ShotVideoExporter.swift */,
				88AE6409840828F8800109FB /* ShotVideoExportSource.swift */,
				84601EA61D05723C5B1DC8F3 /* TracedVideoExporter.swift */,
				E1CEFDCD1CDD3C0CF8ADCA04 /* VideoMetadataProbe.swift */,
			);
			path = Media;
			sourceTree = "<group>";
		};
		94372314B9A196E6F3ECAF7F /* Auth */ = {
			isa = PBXGroup;
			children = (
				B13981078ACD881109808F68 /* AppleSignInNonce.swift */,
				D28BFF5985919921DA66C2C1 /* RondeCloud.swift */,
			);
			path = Auth;
			sourceTree = "<group>";
		};
		B46EF12791832A26BE52CAE8 /* App */ = {
			isa = PBXGroup;
			children = (
				3BF91880FE819486AEB75796 /* RondeAppShell.swift */,
			);
			path = App;
			sourceTree = "<group>";
		};
		FAEA80F851447F0CE327885E /* Capture */ = {
			isa = PBXGroup;
			children = (
				370DEAC4A634A339B883914A /* LiveReviewCaptureController.swift */,
				B628C334237165847DCB3872 /* LiveReviewModels.swift */,
				FAF69FBF1F6FA4E8B82F987B /* LiveReviewStabilityMonitor.swift */,
			);
			path = Capture;
			sourceTree = "<group>";
		};
		FB7DC5DA1D6255324D912001 /* Analysis */ = {
			isa = PBXGroup;
			children = (
				1418F98C8707C5C535FF8135 /* AudioImpactAnalysisService.swift */,
				46D17BA512F515A4D94EACFC /* BodyMotionAnalysisService.swift */,
				107558EAD7501CDAA0E455DE /* EvidenceAnchoredFlightPathExtrapolator.swift */,
				B058B2FA96AEC83EC88AF26F /* GolfBallTrackSelector.swift */,
				CD79C5309D88A036FBE2A9BD /* GolfBallTrajectoryAnalysisService.swift */,
				E21EEA2D449A612CFDDBC694 /* ImpactCandidateAnalysisService.swift */,
				A5101A5E458C1DA558F9FFF1 /* ProvisionalSwingCandidateService.swift */,
				DAD381B11516C06704E99B29 /* TrajectoryAnalysisService.swift */,
				9FD9CB2A5152001250E97091 /* WASBGolfBallTrackingService.swift */,
			);
			path = Analysis;
			sourceTree = "<group>";
		};
/* End PBXGroup section */

/* Begin PBXNativeTarget section */
		2B2306C15A79BA64848C6FFD /* Ronde iOS AppTests */ = {
			isa = PBXNativeTarget;
			buildConfigurationList = F425CD6A144C262496F42D76 /* Build configuration list for PBXNativeTarget "Ronde iOS AppTests" */;
			buildPhases = (
				3879B967A3A02127D53FBB16 /* Sources */,
				2E600C9AE147AF6408F3A313 /* Resources */,
			);
			buildRules = (
			);
			dependencies = (
				743C29217DC68774D0DA18BD /* PBXTargetDependency */,
			);
			name = "Ronde iOS AppTests";
			packageProductDependencies = (
			);
			productName = "Ronde iOS AppTests";
			productReference = C0A270661807EA0DA3D5BDFD /* Ronde AppTests.xctest */;
			productType = "com.apple.product-type.bundle.unit-test";
		};
		5BEE602315656CBF42180981 /* Ronde iOS AppUITests */ = {
			isa = PBXNativeTarget;
			buildConfigurationList = 1F5479838F99BCFDDD066C09 /* Build configuration list for PBXNativeTarget "Ronde iOS AppUITests" */;
			buildPhases = (
				CEF3B84E802D21381B9604F5 /* Sources */,
				AD9FD66A20A56F536270D6B5 /* Resources */,
			);
			buildRules = (
			);
			dependencies = (
				4CA4C2FEDF39E385337B5FEC /* PBXTargetDependency */,
			);
			name = "Ronde iOS AppUITests";
			packageProductDependencies = (
			);
			productName = "Ronde iOS AppUITests";
			productReference = 3C1120E8F1C94CCDF959085E /* Ronde iOS AppUITests.xctest */;
			productType = "com.apple.product-type.bundle.ui-testing";
		};
		9ADBAF909A8CFAF1C869059C /* Ronde iOS */ = {
			isa = PBXNativeTarget;
			buildConfigurationList = 522A200B4572B27A84A669AE /* Build configuration list for PBXNativeTarget "Ronde iOS" */;
			buildPhases = (
				38C37F86E7CB5A52CE599F78 /* Sources */,
				1F857DC8EC22003EE3DEB2E7 /* Resources */,
				6C123AD6943DE7025B01C910 /* Frameworks */,
			);
			buildRules = (
			);
			dependencies = (
			);
			name = "Ronde iOS";
			packageProductDependencies = (
				559D0E5059FECF5E6F6EA65C /* Supabase */,
			);
			productName = "Ronde iOS";
			productReference = B2605B86C53FA779EFF34F35 /* Ronde Shot Review.app */;
			productType = "com.apple.product-type.application";
		};
/* End PBXNativeTarget section */

/* Begin PBXProject section */
		3ADFB5A07FC5D95634EAF8D9 /* Project object */ = {
			isa = PBXProject;
			attributes = {
				BuildIndependentTargetsInParallel = YES;
				LastUpgradeCheck = 2660;
				TargetAttributes = {
					2B2306C15A79BA64848C6FFD = {
						DevelopmentTeam = WCJ787853P;
					};
					5BEE602315656CBF42180981 = {
						DevelopmentTeam = WCJ787853P;
						TestTargetID = 9ADBAF909A8CFAF1C869059C;
					};
					9ADBAF909A8CFAF1C869059C = {
						DevelopmentTeam = WCJ787853P;
						SystemCapabilities = {
							com.apple.SignInWithApple = {
								enabled = 1;
							};
						};
					};
				};
			};
			buildConfigurationList = FCC0CFAF1E5E6984F1950FEC /* Build configuration list for PBXProject "Ronde" */;
			compatibilityVersion = "Xcode 14.0";
			developmentRegion = en;
			hasScannedForEncodings = 0;
			knownRegions = (
				Base,
				en,
			);
			mainGroup = 36A76A54612B0ABC872D16D9;
			minimizedProjectReferenceProxies = 1;
			packageReferences = (
				4F47FC0F5E4E3BFE966B29E9 /* XCRemoteSwiftPackageReference "supabase-swift" */,
			);
			preferredProjectObjectVersion = 77;
			projectDirPath = "";
			projectRoot = "";
			targets = (
				9ADBAF909A8CFAF1C869059C /* Ronde iOS */,
				2B2306C15A79BA64848C6FFD /* Ronde iOS AppTests */,
				5BEE602315656CBF42180981 /* Ronde iOS AppUITests */,
			);
		};
/* End PBXProject section */

/* Begin PBXResourcesBuildPhase section */
		1F857DC8EC22003EE3DEB2E7 /* Resources */ = {
			isa = PBXResourcesBuildPhase;
			buildActionMask = 2147483647;
			files = (
				E9A0D8617F31AC80C68B2951 /* Assets.xcassets in Resources */,
				BA8B8F95EC936A691FFF2224 /* WASB-SBDT-LICENSE.txt in Resources */,
				DDFDE0FA9A0E7995EAB89EE3 /* WASB-SBDT-NOTICE.txt in Resources */,
			);
			runOnlyForDeploymentPostprocessing = 0;
		};
		2E600C9AE147AF6408F3A313 /* Resources */ = {
			isa = PBXResourcesBuildPhase;
			buildActionMask = 2147483647;
			files = (
				0E711CDC5005E075F76E4EC0 /* studio-fixture.mp4 in Resources */,
			);
			runOnlyForDeploymentPostprocessing = 0;
		};
		AD9FD66A20A56F536270D6B5 /* Resources */ = {
			isa = PBXResourcesBuildPhase;
			buildActionMask = 2147483647;
			files = (
				1E151E82AD3835CC7DD914C9 /* README.md in Resources */,
				92027BBAAA0E374705AA2DC8 /* studio-fixture.mp4 in Resources */,
			);
			runOnlyForDeploymentPostprocessing = 0;
		};
/* End PBXResourcesBuildPhase section */

/* Begin PBXSourcesBuildPhase section */
		3879B967A3A02127D53FBB16 /* Sources */ = {
			isa = PBXSourcesBuildPhase;
			buildActionMask = 2147483647;
			files = (
				A0577B9CD3F8DCFF54D636A2 /* AudioImpactPeakSelectorTests.swift in Sources */,
				F72E7D60AEA0A10C0633E21C /* BodyMotionPeakSelectorTests.swift in Sources */,
				6D03F7A81EC53723412217A0 /* EvidenceAnchoredFlightPathTests.swift in Sources */,
				72E7201A77366E94C80EB08A /* GolfBallTrackSelectorTests.swift in Sources */,
				24B2C9F49A149A4FA9CA12B1 /* GolfBallTrajectoryAnalysisTests.swift in Sources */,
				EC63DBAEF3AF38B613D85B5A /* LiveReviewCaptureTests.swift in Sources */,
				9E0ACE3A968C775E1BE64E32 /* LocalMediaStoreTests.swift in Sources */,
				9AA16370FFE21227068AAFFD /* ReviewLibrarySafetyTests.swift in Sources */,
				4984A1D431808C752FFD63DF /* RondeRedesignTests.swift in Sources */,
				D17D5C582C234F7736867AC7 /* ShotReviewDomainTests.swift in Sources */,
				E53B84753F8BB985189EC63C /* ShotVideoEditTests.swift in Sources */,
				4D47487CAC9EE4352CF62E92 /* ShotVideoExporterIntegrationTests.swift in Sources */,
			);
			runOnlyForDeploymentPostprocessing = 0;
		};
		38C37F86E7CB5A52CE599F78 /* Sources */ = {
			isa = PBXSourcesBuildPhase;
			buildActionMask = 2147483647;
			files = (
				C30522F5314EE7A567A31936 /* AppleSignInNonce.swift in Sources */,
				62984751E1F675A3473F4F32 /* AssistedTracerEditor.swift in Sources */,
				E21C377208791E8D6244A791 /* AudioImpactAnalysisService.swift in Sources */,
				E251DBA39DA547BCBFA788ED /* BodyMotionAnalysisService.swift in Sources */,
				129D168E8904C7667BF5BDC4 /* EvidenceAnchoredFlightPathExtrapolator.swift in Sources */,
				8C921CAA14673DD9BF3D3049 /* ExactClipExporter.swift in Sources */,
				8F5CCCEF5F10C75E631ECDC0 /* FullScreenTracerEditor.swift in Sources */,
				D253EAB635EEF4827A675B0F /* GolfBallTrackSelector.swift in Sources */,
				82DEFCE31266A6CB5F1D9EE0 /* GolfBallTracker.mlpackage in Sources */,
				F0DBF29AE89129B8DDF446C2 /* GolfBallTrajectoryAnalysisService.swift in Sources */,
				D8E10FBA9F5273807AE5B5FF /* ImpactCandidateAnalysisService.swift in Sources */,
				146DE24502E7612DD15BB20A /* LiveCaptureAdapter.swift in Sources */,
				B18AEE65855A5D70ADD1C530 /* LiveReviewCaptureController.swift in Sources */,
				BBA5AF22398AE2000970C731 /* LiveReviewModels.swift in Sources */,
				288B63617B43508CC8DFA78C /* LiveReviewStabilityMonitor.swift in Sources */,
				09004EFE322E5BE349D542BA /* LocalMediaStore.swift in Sources */,
				65BB7333083958BA6566FD77 /* ProvisionalSwingCandidateService.swift in Sources */,
				7DFBDBC6FD38A20165006543 /* ReviewClipService.swift in Sources */,
				10473B2F0FDF018141B71FBF /* ReviewModels.swift in Sources */,
				27E0F2999F9709B0B0989666 /* ReviewSessionArchive.swift in Sources */,
				C777CD29A4CD2583B334D61C /* ReviewViews.swift in Sources */,
				1CF683910E70803C437DAD99 /* RondeApp.swift in Sources */,
				8EDD92D2317E6A96D3AD7533 /* RondeAppShell.swift in Sources */,
				DC3DEBF25BC6C301853C029D /* RondeCloud.swift in Sources */,
				F2C805B7917CF0C0C1204477 /* RondeReviewDesign.swift in Sources */,
				BB24DC84BA905D64A1825C59 /* ShotReviewModels.swift in Sources */,
				D23AA5D1A1182F03B5455057 /* ShotStudioView.swift in Sources */,
				4A21AEC6F3A12B094DA5C8DB /* ShotVideoEdit.swift in Sources */,
				28876B0358178838101FD3AC /* ShotVideoExportSource.swift in Sources */,
				B0B9E38993C64FA698BFD5FD /* ShotVideoExporter.swift in Sources */,
				8507BE34DFFE2494888DB33E /* TracedVideoExporter.swift in Sources */,
				A0CF25A4E3D31D7F4BD62A3E /* TrajectoryAnalysisService.swift in Sources */,
				7DF8C43C97D87106FF501B6C /* VideoFileTransferable.swift in Sources */,
				4702DB68E080F3316150066D /* VideoMetadataProbe.swift in Sources */,
				505831E0180CCAF329D47D7D /* WASBGolfBallTrackingService.swift in Sources */,
			);
			runOnlyForDeploymentPostprocessing = 0;
		};
		CEF3B84E802D21381B9604F5 /* Sources */ = {
			isa = PBXSourcesBuildPhase;
			buildActionMask = 2147483647;
			files = (
				DE76F16235B57DBAF5327F46 /* ShotStudioUITests.swift in Sources */,
			);
			runOnlyForDeploymentPostprocessing = 0;
		};
/* End PBXSourcesBuildPhase section */

/* Begin PBXTargetDependency section */
		4CA4C2FEDF39E385337B5FEC /* PBXTargetDependency */ = {
			isa = PBXTargetDependency;
			target = 9ADBAF909A8CFAF1C869059C /* Ronde iOS */;
			targetProxy = 536C4D8040BA7FC6B6F50D47 /* PBXContainerItemProxy */;
		};
		743C29217DC68774D0DA18BD /* PBXTargetDependency */ = {
			isa = PBXTargetDependency;
			target = 9ADBAF909A8CFAF1C869059C /* Ronde iOS */;
			targetProxy = B937E222514746F4FFC046F7 /* PBXContainerItemProxy */;
		};
/* End PBXTargetDependency section */

/* Begin XCBuildConfiguration section */
		4DBA335CD84626E121848FB2 /* Debug */ = {
			isa = XCBuildConfiguration;
			buildSettings = {
				BUNDLE_LOADER = "$(TEST_HOST)";
				GENERATE_INFOPLIST_FILE = YES;
				IPHONEOS_DEPLOYMENT_TARGET = 17.0;
				LD_RUNPATH_SEARCH_PATHS = (
					"$(inherited)",
					"@executable_path/Frameworks",
					"@loader_path/Frameworks",
				);
				PRODUCT_BUNDLE_IDENTIFIER = com.ronde.RondeAppTests;
				PRODUCT_NAME = "Ronde AppTests";
				SDKROOT = iphoneos;
				SWIFT_VERSION = 6.0;
				TARGETED_DEVICE_FAMILY = "1,2";
				TEST_HOST = "$(BUILT_PRODUCTS_DIR)/Ronde Shot Review.app/Ronde Shot Review";
			};
			name = Debug;
		};
		7B005EB3038B707BFB1A43E2 /* Release */ = {
			isa = XCBuildConfiguration;
			buildSettings = {
				BUNDLE_LOADER = "$(TEST_HOST)";
				GENERATE_INFOPLIST_FILE = YES;
				IPHONEOS_DEPLOYMENT_TARGET = 17.0;
				LD_RUNPATH_SEARCH_PATHS = (
					"$(inherited)",
					"@executable_path/Frameworks",
					"@loader_path/Frameworks",
				);
				PRODUCT_BUNDLE_IDENTIFIER = com.ronde.RondeUITests;
				SDKROOT = iphoneos;
				SWIFT_VERSION = 6.0;
				TARGETED_DEVICE_FAMILY = "1,2";
				TEST_TARGET_NAME = "Ronde iOS";
			};
			name = Release;
		};
		8ECE8CE5F348BAE95FCEBD04 /* Release */ = {
			isa = XCBuildConfiguration;
			buildSettings = {
				BUNDLE_LOADER = "$(TEST_HOST)";
				GENERATE_INFOPLIST_FILE = YES;
				IPHONEOS_DEPLOYMENT_TARGET = 17.0;
				LD_RUNPATH_SEARCH_PATHS = (
					"$(inherited)",
					"@executable_path/Frameworks",
					"@loader_path/Frameworks",
				);
				PRODUCT_BUNDLE_IDENTIFIER = com.ronde.RondeAppTests;
				PRODUCT_NAME = "Ronde AppTests";
				SDKROOT = iphoneos;
				SWIFT_VERSION = 6.0;
				TARGETED_DEVICE_FAMILY = "1,2";
				TEST_HOST = "$(BUILT_PRODUCTS_DIR)/Ronde Shot Review.app/Ronde Shot Review";
			};
			name = Release;
		};
		A54CE2E53227956EA9EE43AA /* Release */ = {
			isa = XCBuildConfiguration;
			buildSettings = {
				ALWAYS_SEARCH_USER_PATHS = NO;
				CLANG_ANALYZER_NONNULL = YES;
				CLANG_ANALYZER_NUMBER_OBJECT_CONVERSION = YES_AGGRESSIVE;
				CLANG_CXX_LANGUAGE_STANDARD = "gnu++14";
				CLANG_CXX_LIBRARY = "libc++";
				CLANG_ENABLE_MODULES = YES;
				CLANG_ENABLE_OBJC_ARC = YES;
				CLANG_ENABLE_OBJC_WEAK = YES;
				CLANG_WARN_BLOCK_CAPTURE_AUTORELEASING = YES;
				CLANG_WARN_BOOL_CONVERSION = YES;
				CLANG_WARN_COMMA = YES;
				CLANG_WARN_CONSTANT_CONVERSION = YES;
				CLANG_WARN_DEPRECATED_OBJC_IMPLEMENTATIONS = YES;
				CLANG_WARN_DIRECT_OBJC_ISA_USAGE = YES_ERROR;
				CLANG_WARN_DOCUMENTATION_COMMENTS = YES;
				CLANG_WARN_EMPTY_BODY = YES;
				CLANG_WARN_ENUM_CONVERSION = YES;
				CLANG_WARN_INFINITE_RECURSION = YES;
				CLANG_WARN_INT_CONVERSION = YES;
				CLANG_WARN_NON_LITERAL_NULL_CONVERSION = YES;
				CLANG_WARN_OBJC_IMPLICIT_RETAIN_SELF = YES;
				CLANG_WARN_OBJC_LITERAL_CONVERSION = YES;
				CLANG_WARN_OBJC_ROOT_CLASS = YES_ERROR;
				CLANG_WARN_QUOTED_INCLUDE_IN_FRAMEWORK_HEADER = YES;
				CLANG_WARN_RANGE_LOOP_ANALYSIS = YES;
				CLANG_WARN_STRICT_PROTOTYPES = YES;
				CLANG_WARN_SUSPICIOUS_MOVE = YES;
				CLANG_WARN_UNGUARDED_AVAILABILITY = YES_AGGRESSIVE;
				CLANG_WARN_UNREACHABLE_CODE = YES;
				CLANG_WARN__DUPLICATE_METHOD_MATCH = YES;
				COPY_PHASE_STRIP = NO;
				DEAD_CODE_STRIPPING = YES;
				DEBUG_INFORMATION_FORMAT = "dwarf-with-dsym";
				DEVELOPMENT_TEAM = WCJ787853P;
				ENABLE_NS_ASSERTIONS = NO;
				ENABLE_STRICT_OBJC_MSGSEND = YES;
				ENABLE_USER_SCRIPT_SANDBOXING = YES;
				GCC_C_LANGUAGE_STANDARD = gnu11;
				GCC_NO_COMMON_BLOCKS = YES;
				GCC_WARN_64_TO_32_BIT_CONVERSION = YES;
				GCC_WARN_ABOUT_RETURN_TYPE = YES_ERROR;
				GCC_WARN_UNDECLARED_SELECTOR = YES;
				GCC_WARN_UNINITIALIZED_AUTOS = YES_AGGRESSIVE;
				GCC_WARN_UNUSED_FUNCTION = YES;
				GCC_WARN_UNUSED_VARIABLE = YES;
				IPHONEOS_DEPLOYMENT_TARGET = 17.0;
				MTL_ENABLE_DEBUG_INFO = NO;
				MTL_FAST_MATH = YES;
				PRODUCT_NAME = "$(TARGET_NAME)";
				SDKROOT = iphoneos;
				STRING_CATALOG_GENERATE_SYMBOLS = YES;
				SWIFT_COMPILATION_MODE = wholemodule;
				SWIFT_OPTIMIZATION_LEVEL = "-O";
				SWIFT_VERSION = 5.0;
			};
			name = Release;
		};
		A878366814D367F90C91A531 /* Debug */ = {
			isa = XCBuildConfiguration;
			buildSettings = {
				ALWAYS_SEARCH_USER_PATHS = NO;
				CLANG_ANALYZER_NONNULL = YES;
				CLANG_ANALYZER_NUMBER_OBJECT_CONVERSION = YES_AGGRESSIVE;
				CLANG_CXX_LANGUAGE_STANDARD = "gnu++14";
				CLANG_CXX_LIBRARY = "libc++";
				CLANG_ENABLE_MODULES = YES;
				CLANG_ENABLE_OBJC_ARC = YES;
				CLANG_ENABLE_OBJC_WEAK = YES;
				CLANG_WARN_BLOCK_CAPTURE_AUTORELEASING = YES;
				CLANG_WARN_BOOL_CONVERSION = YES;
				CLANG_WARN_COMMA = YES;
				CLANG_WARN_CONSTANT_CONVERSION = YES;
				CLANG_WARN_DEPRECATED_OBJC_IMPLEMENTATIONS = YES;
				CLANG_WARN_DIRECT_OBJC_ISA_USAGE = YES_ERROR;
				CLANG_WARN_DOCUMENTATION_COMMENTS = YES;
				CLANG_WARN_EMPTY_BODY = YES;
				CLANG_WARN_ENUM_CONVERSION = YES;
				CLANG_WARN_INFINITE_RECURSION = YES;
				CLANG_WARN_INT_CONVERSION = YES;
				CLANG_WARN_NON_LITERAL_NULL_CONVERSION = YES;
				CLANG_WARN_OBJC_IMPLICIT_RETAIN_SELF = YES;
				CLANG_WARN_OBJC_LITERAL_CONVERSION = YES;
				CLANG_WARN_OBJC_ROOT_CLASS = YES_ERROR;
				CLANG_WARN_QUOTED_INCLUDE_IN_FRAMEWORK_HEADER = YES;
				CLANG_WARN_RANGE_LOOP_ANALYSIS = YES;
				CLANG_WARN_STRICT_PROTOTYPES = YES;
				CLANG_WARN_SUSPICIOUS_MOVE = YES;
				CLANG_WARN_UNGUARDED_AVAILABILITY = YES_AGGRESSIVE;
				CLANG_WARN_UNREACHABLE_CODE = YES;
				CLANG_WARN__DUPLICATE_METHOD_MATCH = YES;
				COPY_PHASE_STRIP = NO;
				DEAD_CODE_STRIPPING = YES;
				DEBUG_INFORMATION_FORMAT = dwarf;
				DEVELOPMENT_TEAM = WCJ787853P;
				ENABLE_STRICT_OBJC_MSGSEND = YES;
				ENABLE_TESTABILITY = YES;
				ENABLE_USER_SCRIPT_SANDBOXING = YES;
				GCC_C_LANGUAGE_STANDARD = gnu11;
				GCC_DYNAMIC_NO_PIC = NO;
				GCC_NO_COMMON_BLOCKS = YES;
				GCC_OPTIMIZATION_LEVEL = 0;
				GCC_PREPROCESSOR_DEFINITIONS = (
					"$(inherited)",
					"DEBUG=1",
				);
				GCC_WARN_64_TO_32_BIT_CONVERSION = YES;
				GCC_WARN_ABOUT_RETURN_TYPE = YES_ERROR;
				GCC_WARN_UNDECLARED_SELECTOR = YES;
				GCC_WARN_UNINITIALIZED_AUTOS = YES_AGGRESSIVE;
				GCC_WARN_UNUSED_FUNCTION = YES;
				GCC_WARN_UNUSED_VARIABLE = YES;
				IPHONEOS_DEPLOYMENT_TARGET = 17.0;
				MTL_ENABLE_DEBUG_INFO = INCLUDE_SOURCE;
				MTL_FAST_MATH = YES;
				ONLY_ACTIVE_ARCH = YES;
				PRODUCT_NAME = "$(TARGET_NAME)";
				SDKROOT = iphoneos;
				STRING_CATALOG_GENERATE_SYMBOLS = YES;
				SWIFT_ACTIVE_COMPILATION_CONDITIONS = DEBUG;
				SWIFT_OPTIMIZATION_LEVEL = "-Onone";
				SWIFT_VERSION = 5.0;
			};
			name = Debug;
		};
		B5094C5C7B7FF62F3D4E6A19 /* Release */ = {
			isa = XCBuildConfiguration;
			buildSettings = {
				ASSETCATALOG_COMPILER_APPICON_NAME = AppIcon;
				CODE_SIGN_ENTITLEMENTS = "Ronde iOS App/Ronde.entitlements";
				CODE_SIGN_IDENTITY = "iPhone Developer";
				CURRENT_PROJECT_VERSION = 1;
				GENERATE_INFOPLIST_FILE = YES;
				INFOPLIST_KEY_CFBundleDisplayName = Ronde;
				INFOPLIST_KEY_NSCameraUsageDescription = "Ronde uses the camera to record range sessions and provide live shot review.";
				INFOPLIST_KEY_NSMicrophoneUsageDescription = "Ronde uses the microphone to help detect impact timing during shot review.";
				INFOPLIST_KEY_NSMotionUsageDescription = "Ronde checks whether the phone is steady before recording a shot review.";
				INFOPLIST_KEY_NSPhotoLibraryAddUsageDescription = "Ronde saves confirmed shot clips to your photo library.";
				INFOPLIST_KEY_NSPhotoLibraryUsageDescription = "Ronde uses your photo library so you can choose a range video to review.";
				INFOPLIST_KEY_UILaunchScreen_Generation = YES;
				INFOPLIST_KEY_UIRequiresFullScreen = NO;
				INFOPLIST_KEY_UISupportedInterfaceOrientations = "UIInterfaceOrientationPortrait UIInterfaceOrientationLandscapeLeft UIInterfaceOrientationLandscapeRight";
				INFOPLIST_KEY_UISupportedInterfaceOrientations_iPad = "UIInterfaceOrientationPortrait UIInterfaceOrientationPortraitUpsideDown UIInterfaceOrientationLandscapeLeft UIInterfaceOrientationLandscapeRight";
				INFOPLIST_KEY_UIUserInterfaceStyle = Light;
				IPHONEOS_DEPLOYMENT_TARGET = 17.0;
				LD_RUNPATH_SEARCH_PATHS = (
					"$(inherited)",
					"@executable_path/Frameworks",
				);
				MARKETING_VERSION = 1.0.0;
				PRODUCT_BUNDLE_IDENTIFIER = com.ronde;
				PRODUCT_MODULE_NAME = Ronde;
				PRODUCT_NAME = "Ronde Shot Review";
				SDKROOT = iphoneos;
				SWIFT_VERSION = 6.0;
				TARGETED_DEVICE_FAMILY = "1,2";
			};
			name = Release;
		};
		DC7E725BAD9CD9AEDC386FAE /* Debug */ = {
			isa = XCBuildConfiguration;
			buildSettings = {
				ASSETCATALOG_COMPILER_APPICON_NAME = AppIcon;
				CODE_SIGN_ENTITLEMENTS = "Ronde iOS App/Ronde.entitlements";
				CODE_SIGN_IDENTITY = "iPhone Developer";
				CURRENT_PROJECT_VERSION = 1;
				GENERATE_INFOPLIST_FILE = YES;
				INFOPLIST_KEY_CFBundleDisplayName = Ronde;
				INFOPLIST_KEY_NSCameraUsageDescription = "Ronde uses the camera to record range sessions and provide live shot review.";
				INFOPLIST_KEY_NSMicrophoneUsageDescription = "Ronde uses the microphone to help detect impact timing during shot review.";
				INFOPLIST_KEY_NSMotionUsageDescription = "Ronde checks whether the phone is steady before recording a shot review.";
				INFOPLIST_KEY_NSPhotoLibraryAddUsageDescription = "Ronde saves confirmed shot clips to your photo library.";
				INFOPLIST_KEY_NSPhotoLibraryUsageDescription = "Ronde uses your photo library so you can choose a range video to review.";
				INFOPLIST_KEY_UILaunchScreen_Generation = YES;
				INFOPLIST_KEY_UIRequiresFullScreen = NO;
				INFOPLIST_KEY_UISupportedInterfaceOrientations = "UIInterfaceOrientationPortrait UIInterfaceOrientationLandscapeLeft UIInterfaceOrientationLandscapeRight";
				INFOPLIST_KEY_UISupportedInterfaceOrientations_iPad = "UIInterfaceOrientationPortrait UIInterfaceOrientationPortraitUpsideDown UIInterfaceOrientationLandscapeLeft UIInterfaceOrientationLandscapeRight";
				INFOPLIST_KEY_UIUserInterfaceStyle = Light;
				IPHONEOS_DEPLOYMENT_TARGET = 17.0;
				LD_RUNPATH_SEARCH_PATHS = (
					"$(inherited)",
					"@executable_path/Frameworks",
				);
				MARKETING_VERSION = 1.0.0;
				PRODUCT_BUNDLE_IDENTIFIER = com.ronde;
				PRODUCT_MODULE_NAME = Ronde;
				PRODUCT_NAME = "Ronde Shot Review";
				SDKROOT = iphoneos;
				SWIFT_VERSION = 6.0;
				TARGETED_DEVICE_FAMILY = "1,2";
			};
			name = Debug;
		};
		EA50AA0DEC3105A00CBE80E0 /* Debug */ = {
			isa = XCBuildConfiguration;
			buildSettings = {
				BUNDLE_LOADER = "$(TEST_HOST)";
				GENERATE_INFOPLIST_FILE = YES;
				IPHONEOS_DEPLOYMENT_TARGET = 17.0;
				LD_RUNPATH_SEARCH_PATHS = (
					"$(inherited)",
					"@executable_path/Frameworks",
					"@loader_path/Frameworks",
				);
				PRODUCT_BUNDLE_IDENTIFIER = com.ronde.RondeUITests;
				SDKROOT = iphoneos;
				SWIFT_VERSION = 6.0;
				TARGETED_DEVICE_FAMILY = "1,2";
				TEST_TARGET_NAME = "Ronde iOS";
			};
			name = Debug;
		};
/* End XCBuildConfiguration section */

/* Begin XCConfigurationList section */
		1F5479838F99BCFDDD066C09 /* Build configuration list for PBXNativeTarget "Ronde iOS AppUITests" */ = {
			isa = XCConfigurationList;
			buildConfigurations = (
				EA50AA0DEC3105A00CBE80E0 /* Debug */,
				7B005EB3038B707BFB1A43E2 /* Release */,
			);
			defaultConfigurationIsVisible = 0;
			defaultConfigurationName = Debug;
		};
		522A200B4572B27A84A669AE /* Build configuration list for PBXNativeTarget "Ronde iOS" */ = {
			isa = XCConfigurationList;
			buildConfigurations = (
				DC7E725BAD9CD9AEDC386FAE /* Debug */,
				B5094C5C7B7FF62F3D4E6A19 /* Release */,
			);
			defaultConfigurationIsVisible = 0;
			defaultConfigurationName = Debug;
		};
		F425CD6A144C262496F42D76 /* Build configuration list for PBXNativeTarget "Ronde iOS AppTests" */ = {
			isa = XCConfigurationList;
			buildConfigurations = (
				4DBA335CD84626E121848FB2 /* Debug */,
				8ECE8CE5F348BAE95FCEBD04 /* Release */,
			);
			defaultConfigurationIsVisible = 0;
			defaultConfigurationName = Debug;
		};
		FCC0CFAF1E5E6984F1950FEC /* Build configuration list for PBXProject "Ronde" */ = {
			isa = XCConfigurationList;
			buildConfigurations = (
				A878366814D367F90C91A531 /* Debug */,
				A54CE2E53227956EA9EE43AA /* Release */,
			);
			defaultConfigurationIsVisible = 0;
			defaultConfigurationName = Debug;
		};
/* End XCConfigurationList section */

/* Begin XCRemoteSwiftPackageReference section */
		4F47FC0F5E4E3BFE966B29E9 /* XCRemoteSwiftPackageReference "supabase-swift" */ = {
			isa = XCRemoteSwiftPackageReference;
			repositoryURL = "https://github.com/supabase/supabase-swift.git";
			requirement = {
				kind = exactVersion;
				version = 2.55.1;
			};
		};
/* End XCRemoteSwiftPackageReference section */

/* Begin XCSwiftPackageProductDependency section */
		559D0E5059FECF5E6F6EA65C /* Supabase */ = {
			isa = XCSwiftPackageProductDependency;
			package = 4F47FC0F5E4E3BFE966B29E9 /* XCRemoteSwiftPackageReference "supabase-swift" */;
			productName = Supabase;
		};
/* End XCSwiftPackageProductDependency section */
	};
	rootObject = 3ADFB5A07FC5D95634EAF8D9 /* Project object */;
}
